
Microsoft Visual Studio Solution File, Format Version 12.00
# Visual Studio Version 17
VisualStudioVersion = 17.0.31903.59
MinimumVisualStudioVersion = 10.0.40219.1
Project("{FAE04EC0-301F-11D3-BF4B-00C04F79EFBC}") = "CheckBoxMatrix.Demo", "CheckBoxMatrix.Demo\CheckBoxMatrix.Demo.csproj", "{3D99E42B-0FCD-45B7-BAD7-88D6E052D6D4}"
EndProject
Project("{FAE04EC0-301F-11D3-BF4B-00C04F79EFBC}") = "CheckBoxMatrix.Test", "CheckBoxMatrix.Test\CheckBoxMatrix.Test.csproj", "{EE1A794E-23BC-4B27-86BB-3552CF57B950}"
EndProject
Project("{FAE04EC0-301F-11D3-BF4B-00C04F79EFBC}") = "CheckBoxMatrix", "CheckBoxMatrix\CheckBoxMatrix.csproj", "{B1BC32A6-F25B-4F21-91E2-A51E41B39013}"
EndProject
Global
	GlobalSection(SolutionProperties) = preSolution
		HideSolutionNode = FALSE
	EndGlobalSection
	GlobalSection(SolutionConfigurationPlatforms) = preSolution
		Debug|Any CPU = Debug|Any CPU
		Debug|x64 = Debug|x64
		Debug|x86 = Debug|x86
		Release|Any CPU = Release|Any CPU
		Release|x64 = Release|x64
		Release|x86 = Release|x86
	EndGlobalSection
	GlobalSection(ProjectConfigurationPlatforms) = postSolution
		{3D99E42B-0FCD-45B7-BAD7-88D6E052D6D4}.Debug|Any CPU.ActiveCfg = Debug|Any CPU
		{3D99E42B-0FCD-45B7-BAD7-88D6E052D6D4}.Debug|Any CPU.Build.0 = Debug|Any CPU
		{3D99E42B-0FCD-45B7-BAD7-88D6E052D6D4}.Debug|x64.ActiveCfg = Debug|Any CPU
		{3D99E42B-0FCD-45B7-BAD7-88D6E052D6D4}.Debug|x64.Build.0 = Debug|Any CPU
		{3D99E42B-0FCD-45B7-BAD7-88D6E052D6D4}.Debug|x86.ActiveCfg = Debug|Any CPU
		{3D99E42B-0FCD-45B7-BAD7-88D6E052D6D4}.Debug|x86.Build.0 = Debug|Any CPU
		{3D99E42B-0FCD-45B7-BAD7-88D6E052D6D4}.Release|Any CPU.ActiveCfg = Release|Any CPU
		{3D99E42B-0FCD-45B7-BAD7-88D6E052D6D4}.Release|Any CPU.Build.0 = Release|Any CPU
		{3D99E42B-0FCD-45B7-BAD7-88D6E052D6D4}.Release|x64.ActiveCfg = Release|Any CPU
		{3D99E42B-0FCD-45B7-BAD7-88D6E052D6D4}.Release|x64.Build.0 = Release|Any CPU
		{3D99E42B-0FCD-45B7-BAD7-88D6E052D6D4}.Release|x86.ActiveCfg = Release|Any CPU
		{3D99E42B-0FCD-45B7-BAD7-88D6E052D6D4}.Release|x86.Build.0 = Release|Any CPU
		{EE1A794E-23BC-4B27-86BB-3552CF57B950}.Debug|Any CPU.ActiveCfg = Debug|Any CPU
		{EE1A794E-23BC-4B27-86BB-3552CF57B950}.Debug|Any CPU.Build.0 = Debug|Any CPU
		{EE1A794E-23BC-4B27-86BB-3552CF57B950}.Debug|x64.ActiveCfg = Debug|Any CPU
		{EE1A794E-23BC-4B27-86BB-3552CF57B950}.Debug|x64.Build.0 = Debug|Any CPU
		{EE1A794E-23BC-4B27-86BB-3552CF57B950}.Debug|x86.ActiveCfg = Debug|Any CPU
		{EE1A794E-23BC-4B27-86BB-3552CF57B950}.Debug|x86.Build.0 = Debug|Any CPU
		{EE1A794E-23BC-4B27-86BB-3552CF57B950}.Release|Any CPU.ActiveCfg = Release|Any CPU
		{EE1A794E-23BC-4B27-86BB-3552CF57B950}.Release|Any CPU.Build.0 = Release|Any CPU
		{EE1A794E-23BC-4B27-86BB-3552CF57B950}.Release|x64.ActiveCfg = Release|Any CPU
		{EE1A794E-23BC-4B27-86BB-3552CF57B950}.Release|x64.Build.0 = Release|Any CPU
		{EE1A794E-23BC-4B27-86BB-3552CF57B950}.Release|x86.ActiveCfg = Release|Any CPU
		{EE1A794E-23BC-4B27-86BB-3552CF57B950}.Release|x86.Build.0 = Release|Any CPU
		{B1BC32A6-F25B-4F21-91E2-A51E41B39013}.Debug|Any CPU.ActiveCfg = Debug|Any CPU
		{B1BC32A6-F25B-4F21-91E2-A51E41B39013}.Debug|Any CPU.Build.0 = Debug|Any CPU
		{B1BC32A6-F25B-4F21-91E2-A51E41B39013}.Debug|x64.ActiveCfg = Debug|Any CPU
		{B1BC32A6-F25B-4F21-91E2-A51E41B39013}.Debug|x64.Build.0 = Debug|Any CPU
		{B1BC32A6-F25B-4F21-91E2-A51E41B39013}.Debug|x86.ActiveCfg = Debug|Any CPU
		{B1BC32A6-F25B-4F21-91E2-A51E41B39013}.Debug|x86.Build.0 = Debug|Any CPU
		{B1BC32A6-F25B-4F21-91E2-A51E41B39013}.Release|Any CPU.ActiveCfg = Release|Any CPU
		{B1BC32A6-F25B-4F21-91E2-A51E41B39013}.Release|Any CPU.Build.0 = Release|Any CPU
		{B1BC32A6-F25B-4F21-91E2-A51E41B39013}.Release|x64.ActiveCfg = Release|Any CPU
		{B1BC32A6-F25B-4F21-91E2-A51E41B39013}.Release|x64.Build.0 = Release|Any CPU
		{B1BC32A6-F25B-4F21-91E2-A51E41B39013}.Release|x86.ActiveCfg = Release|Any CPU
		{B1BC32A6-F25B-4F21-91E2-A51E41B39013}.Release|x86.Build.0 = Release|Any CPU
	EndGlobalSection
EndGlobal
